// !$*UTF8*$!
{
	archiveVersion = 1;
	classes = {
	};
	objectVersion = 56;
	objects = {

/* Begin PBXBuildFile section */
		8C04B0B32A0B11FE00D2103F /* BluNaviApp.swift in Sources */ = {isa = PBXBuildFile; fileRef = 8C04B0B22A0B11FE00D2103F /* BluNaviApp.swift */; };
		8C04B0B52A0B11FE00D2103F /* ContentView.swift in Sources */ = {isa = PBXBuildFile; fileRef = 8C04B0B42A0B11FE00D2103F /* ContentView.swift */; };
		8C04B0B72A0B11FE00D2103F /* Assets.xcassets in Resources */ = {isa = PBXBuildFile; fileRef = 8C04B0B62A0B11FE00D2103F /* Assets.xcassets */; };
		8C04B0BA2A0B11FE00D2103F /* Preview Assets.xcassets in Resources */ = {isa = PBXBuildFile; fileRef = 8C04B0B92A0B11FE00D2103F /* Preview Assets.xcassets */; };
		8C7044B92A0CF0D600ECBEED /* Tag.swift in Sources */ = {isa = PBXBuildFile; fileRef = 8C7044B82A0CF0D600ECBEED /* Tag.swift */; };
		8C7044BC2A0CF33F00ECBEED /* SessionManager.swift in Sources */ = {isa = PBXBuildFile; fileRef = 8C7044BB2A0CF33F00ECBEED /* SessionManager.swift */; };
		8C7044BE2A0CFEA400ECBEED /* NavigatingCard.swift in Sources */ = {isa = PBXBuildFile; fileRef = 8C7044BD2A0CFEA400ECBEED /* NavigatingCard.swift */; };
		8C7044C02A0D716F00ECBEED /* DestinationSelectionCard.swift in Sources */ = {isa = PBXBuildFile; fileRef = 8C7044BF2A0D716F00ECBEED /* DestinationSelectionCard.swift */; };
		8C7044C22A0D798300ECBEED /* NavigatingSuccessCard.swift in Sources */ = {isa = PBXBuildFile; fileRef = 8C7044C12A0D798300ECBEED /* NavigatingSuccessCard.swift */; };
		8CB9F7642A0CD13A00CB8EFB /* EstimoteUWB.xcframework in Frameworks */ = {isa = PBXBuildFile; fileRef = 8CB9F7622A0CD11F00CB8EFB /* EstimoteUWB.xcframework */; };
		8CB9F7652A0CD13A00CB8EFB /* EstimoteUWB.xcframework in Embed Frameworks */ = {isa = PBXBuildFile; fileRef = 8CB9F7622A0CD11F00CB8EFB /* EstimoteUWB.xcframework */; settings = {ATTRIBUTES = (CodeSignOnCopy, RemoveHeadersOnCopy, ); }; };
		8CB9F7712A0CD21600CB8EFB /* Inter-ExtraBold.ttf in Resources */ = {isa = PBXBuildFile; fileRef = 8CB9F7682A0CD21600CB8EFB /* Inter-ExtraBold.ttf */; };
		8CB9F7722A0CD21600CB8EFB /* Inter-Thin.ttf in Resources */ = {isa = PBXBuildFile; fileRef = 8CB9F7692A0CD21600CB8EFB /* Inter-Thin.ttf */; };
		8CB9F7732A0CD21600CB8EFB /* Inter-Light.ttf in Resources */ = {isa = PBXBuildFile; fileRef = 8CB9F76A2A0CD21600CB8EFB /* Inter-Light.ttf */; };
		8CB9F7742A0CD21600CB8EFB /* Inter-SemiBold.ttf in Resources */ = {isa = PBXBuildFile; fileRef = 8CB9F76B2A0CD21600CB8EFB /* Inter-SemiBold.ttf */; };
		8CB9F7752A0CD21600CB8EFB /* Inter-ExtraLight.ttf in Resources */ = {isa = PBXBuildFile; fileRef = 8CB9F76C2A0CD21600CB8EFB /* Inter-ExtraLight.ttf */; };
		8CB9F7762A0CD21600CB8EFB /* Inter-Black.ttf in Resources */ = {isa = PBXBuildFile; fileRef = 8CB9F76D2A0CD21600CB8EFB /* Inter-Black.ttf */; };
		8CB9F7772A0CD21600CB8EFB /* Inter-Bold.ttf in Resources */ = {isa = PBXBuildFile; fileRef = 8CB9F76E2A0CD21600CB8EFB /* Inter-Bold.ttf */; };
		8CB9F7782A0CD21600CB8EFB /* Inter-Regular.ttf in Resources */ = {isa = PBXBuildFile; fileRef = 8CB9F76F2A0CD21600CB8EFB /* Inter-Regular.ttf */; };
		8CB9F7792A0CD21600CB8EFB /* Inter-Medium.ttf in Resources */ = {isa = PBXBuildFile; fileRef = 8CB9F7702A0CD21600CB8EFB /* Inter-Medium.ttf */; };
		8CB9F77C2A0CD2E500CB8EFB /* UWBManager.swift in Sources */ = {isa = PBXBuildFile; fileRef = 8CB9F77B2A0CD2E500CB8EFB /* UWBManager.swift */; };
		8CB9F7802A0CD3FC00CB8EFB /* ScanningView.swift in Sources */ = {isa = PBXBuildFile; fileRef = 8CB9F77F2A0CD3FC00CB8EFB /* ScanningView.swift */; };
		8CB9F7822A0CD58200CB8EFB /* Color.swift in Sources */ = {isa = PBXBuildFile; fileRef = 8CB9F7812A0CD58200CB8EFB /* Color.swift */; };
		8CB9F7842A0CD82F00CB8EFB /* BluNaviLogo.swift in Sources */ = {isa = PBXBuildFile; fileRef = 8CB9F7832A0CD82F00CB8EFB /* BluNaviLogo.swift */; };
		8CB9F7862A0CD88B00CB8EFB /* DestinationSelectionView.swift in Sources */ = {isa = PBXBuildFile; fileRef = 8CB9F7852A0CD88B00CB8EFB /* DestinationSelectionView.swift */; };
/* End PBXBuildFile section */

/* Begin PBXCopyFilesBuildPhase section */
		8CB9F7662A0CD13A00CB8EFB /* Embed Frameworks */ = {
			isa = PBXCopyFilesBuildPhase;
			buildActionMask = 2147483647;
			dstPath = "";
			dstSubfolderSpec = 10;
			files = (
				8CB9F7652A0CD13A00CB8EFB /* EstimoteUWB.xcframework in Embed Frameworks */,
			);
			name = "Embed Frameworks";
			runOnlyForDeploymentPostprocessing = 0;
		};
/* End PBXCopyFilesBuildPhase section */

/* Begin PBXFileReference section */
		8C04B0AF2A0B11FE00D2103F /* BluNavi.app */ = {isa = PBXFileReference; explicitFileType = wrapper.application; includeInIndex = 0; path = BluNavi.app; sourceTree = BUILT_PRODUCTS_DIR; };
		8C04B0B22A0B11FE00D2103F /* BluNaviApp.swift */ = {isa = PBXFileReference; lastKnownFileType = sourcecode.swift; path = BluNaviApp.swift; sourceTree = "<group>"; };
		8C04B0B42A0B11FE00D2103F /* ContentView.swift */ = {isa = PBXFileReference; lastKnownFileType = sourcecode.swift; path = ContentView.swift; sourceTree = "<group>"; };
		8C04B0B62A0B11FE00D2103F /* Assets.xcassets */ = {isa = PBXFileReference; lastKnownFileType = folder.assetcatalog; path = Assets.xcassets; sourceTree = "<group>"; };
		8C04B0B92A0B11FE00D2103F /* Preview Assets.xcassets */ = {isa = PBXFileReference; lastKnownFileType = folder.assetcatalog; path = "Preview Assets.xcassets"; sourceTree = "<group>"; };
		8C7044B82A0CF0D600ECBEED /* Tag.swift */ = {isa = PBXFileReference; lastKnownFileType = sourcecode.swift; path = Tag.swift; sourceTree = "<group>"; };
		8C7044BB2A0CF33F00ECBEED /* SessionManager.swift */ = {isa = PBXFileReference; lastKnownFileType = sourcecode.swift; path = SessionManager.swift; sourceTree = "<group>"; };
		8C7044BD2A0CFEA400ECBEED /* NavigatingCard.swift */ = {isa = PBXFileReference; lastKnownFileType = sourcecode.swift; path = NavigatingCard.swift; sourceTree = "<group>"; };
		8C7044BF2A0D716F00ECBEED /* DestinationSelectionCard.swift */ = {isa = PBXFileReference; lastKnownFileType = sourcecode.swift; path = DestinationSelectionCard.swift; sourceTree = "<group>"; };
		8C7044C12A0D798300ECBEED /* NavigatingSuccessCard.swift */ = {isa = PBXFileReference; lastKnownFileType = sourcecode.swift; path = NavigatingSuccessCard.swift; sourceTree = "<group>"; };
		8CB9F75F2A0CCEC700CB8EFB /* Info.plist */ = {isa = PBXFileReference; lastKnownFileType = text.plist; path = Info.plist; sourceTree = "<group>"; };
		8CB9F7622A0CD11F00CB8EFB /* EstimoteUWB.xcframework */ = {isa = PBXFileReference; lastKnownFileType = wrapper.xcframework; path = EstimoteUWB.xcframework; sourceTree = "<group>"; };
		8CB9F7682A0CD21600CB8EFB /* Inter-ExtraBold.ttf */ = {isa = PBXFileReference; lastKnownFileType = file; path = "Inter-ExtraBold.ttf"; sourceTree = "<group>"; };
		8CB9F7692A0CD21600CB8EFB /* Inter-Thin.ttf */ = {isa = PBXFileReference; lastKnownFileType = file; path = "Inter-Thin.ttf"; sourceTree = "<group>"; };
		8CB9F76A2A0CD21600CB8EFB /* Inter-Light.ttf */ = {isa = PBXFileReference; lastKnownFileType = file; path = "Inter-Light.ttf"; sourceTree = "<group>"; };
		8CB9F76B2A0CD21600CB8EFB /* Inter-SemiBold.ttf */ = {isa = PBXFileReference; lastKnownFileType = file; path = "Inter-SemiBold.ttf"; sourceTree = "<group>"; };
		8CB9F76C2A0CD21600CB8EFB /* Inter-ExtraLight.ttf */ = {isa = PBXFileReference; lastKnownFileType = file; path = "Inter-ExtraLight.ttf"; sourceTree = "<group>"; };
		8CB9F76D2A0CD21600CB8EFB /* Inter-Black.ttf */ = {isa = PBXFileReference; lastKnownFileType = file; path = "Inter-Black.ttf"; sourceTree = "<group>"; };
		8CB9F76E2A0CD21600CB8EFB /* Inter-Bold.ttf */ = {isa = PBXFileReference; lastKnownFileType = file; path = "Inter-Bold.ttf"; sourceTree = "<group>"; };
		8CB9F76F2A0CD21600CB8EFB /* Inter-Regular.ttf */ = {isa = PBXFileReference; lastKnownFileType = file; path = "Inter-Regular.ttf"; sourceTree = "<group>"; };
		8CB9F7702A0CD21600CB8EFB /* Inter-Medium.ttf */ = {isa = PBXFileReference; lastKnownFileType = file; path = "Inter-Medium.ttf"; sourceTree = "<group>"; };
		8CB9F77B2A0CD2E500CB8EFB /* UWBManager.swift */ = {isa = PBXFileReference; lastKnownFileType = sourcecode.swift; path = UWBManager.swift; sourceTree = "<group>"; };
		8CB9F77F2A0CD3FC00CB8EFB /* ScanningView.swift */ = {isa = PBXFileReference; lastKnownFileType = sourcecode.swift; path = ScanningView.swift; sourceTree = "<group>"; };
		8CB9F7812A0CD58200CB8EFB /* Color.swift */ = {isa = PBXFileReference; lastKnownFileType = sourcecode.swift; path = Color.swift; sourceTree = "<group>"; };
		8CB9F7832A0CD82F00CB8EFB /* BluNaviLogo.swift */ = {isa = PBXFileReference; lastKnownFileType = sourcecode.swift; path = BluNaviLogo.swift; sourceTree = "<group>"; };
		8CB9F7852A0CD88B00CB8EFB /* DestinationSelectionView.swift */ = {isa = PBXFileReference; lastKnownFileType = sourcecode.swift; path = DestinationSelectionView.swift; sourceTree = "<group>"; };
/* End PBXFileReference section */

/* Begin PBXFrameworksBuildPhase section */
		8C04B0AC2A0B11FE00D2103F /* Frameworks */ = {
			isa = PBXFrameworksBuildPhase;
			buildActionMask = 2147483647;
			files = (
				8CB9F7642A0CD13A00CB8EFB /* EstimoteUWB.xcframework in Frameworks */,
			);
			runOnlyForDeploymentPostprocessing = 0;
		};
/* End PBXFrameworksBuildPhase section */

/* Begin PBXGroup section */
		8C04B0A62A0B11FE00D2103F = {
			isa = PBXGroup;
			children = (
				8C04B0B12A0B11FE00D2103F /* BluNavi */,
				8C04B0B02A0B11FE00D2103F /* Products */,
			);
			sourceTree = "<group>";
		};
		8C04B0B02A0B11FE00D2103F /* Products */ = {
			isa = PBXGroup;
			children = (
				8C04B0AF2A0B11FE00D2103F /* BluNavi.app */,
			);
			name = Products;
			sourceTree = "<group>";
		};
		8C04B0B12A0B11FE00D2103F /* BluNavi */ = {
			isa = PBXGroup;
			children = (
				8CB9F77A2A0CD21B00CB8EFB /* Fonts */,
				8CB9F7672A0CD1C500CB8EFB /* Framework */,
				8CB9F75F2A0CCEC700CB8EFB /* Info.plist */,
				8C04B0B22A0B11FE00D2103F /* BluNaviApp.swift */,
				8C7044BA2A0CF0E300ECBEED /* Models */,
				8CB9F77E2A0CD3E900CB8EFB /* Views */,
				8CB9F77D2A0CD2F200CB8EFB /* ViewModels */,
				8C04B0B62A0B11FE00D2103F /* Assets.xcassets */,
				8C04B0B82A0B11FE00D2103F /* Preview Content */,
			);
			path = BluNavi;
			sourceTree = "<group>";
		};
		8C04B0B82A0B11FE00D2103F /* Preview Content */ = {
			isa = PBXGroup;
			children = (
				8C04B0B92A0B11FE00D2103F /* Preview Assets.xcassets */,
			);
			path = "Preview Content";
			sourceTree = "<group>";
		};
		8C7044BA2A0CF0E300ECBEED /* Models */ = {
			isa = PBXGroup;
			children = (
				8C7044B82A0CF0D600ECBEED /* Tag.swift */,
			);
			path = Models;
			sourceTree = "<group>";
		};
		8CB9F7672A0CD1C500CB8EFB /* Framework */ = {
			isa = PBXGroup;
			children = (
				8CB9F7622A0CD11F00CB8EFB /* EstimoteUWB.xcframework */,
			);
			path = Framework;
			sourceTree = "<group>";
		};
		8CB9F77A2A0CD21B00CB8EFB /* Fonts */ = {
			isa = PBXGroup;
			children = (
				8CB9F76D2A0CD21600CB8EFB /* Inter-Black.ttf */,
				8CB9F76E2A0CD21600CB8EFB /* Inter-Bold.ttf */,
				8CB9F7682A0CD21600CB8EFB /* Inter-ExtraBold.ttf */,
				8CB9F76C2A0CD21600CB8EFB /* Inter-ExtraLight.ttf */,
				8CB9F76A2A0CD21600CB8EFB /* Inter-Light.ttf */,
				8CB9F7702A0CD21600CB8EFB /* Inter-Medium.ttf */,
				8CB9F76F2A0CD21600CB8EFB /* Inter-Regular.ttf */,
				8CB9F76B2A0CD21600CB8EFB /* Inter-SemiBold.ttf */,
				8CB9F7692A0CD21600CB8EFB /* Inter-Thin.ttf */,
			);
			path = Fonts;
			sourceTree = "<group>";
		};
		8CB9F77D2A0CD2F200CB8EFB /* ViewModels */ = {
			isa = PBXGroup;
			children = (
				8CB9F77B2A0CD2E500CB8EFB /* UWBManager.swift */,
				8C7044BB2A0CF33F00ECBEED /* SessionManager.swift */,
			);
			path = ViewModels;
			sourceTree = "<group>";
		};
		8CB9F77E2A0CD3E900CB8EFB /* Views */ = {
			isa = PBXGroup;
			children = (
				8C04B0B42A0B11FE00D2103F /* ContentView.swift */,
				8CB9F77F2A0CD3FC00CB8EFB /* ScanningView.swift */,
				8CB9F7812A0CD58200CB8EFB /* Color.swift */,
				8CB9F7832A0CD82F00CB8EFB /* BluNaviLogo.swift */,
				8CB9F7852A0CD88B00CB8EFB /* DestinationSelectionView.swift */,
				8C7044BD2A0CFEA400ECBEED /* NavigatingCard.swift */,
				8C7044BF2A0D716F00ECBEED /* DestinationSelectionCard.swift */,
				8C7044C12A0D798300ECBEED /* NavigatingSuccessCard.swift */,
			);
			path = Views;
			sourceTree = "<group>";
		};
/* End PBXGroup section */

/* Begin PBXNativeTarget section */
		8C04B0AE2A0B11FE00D2103F /* BluNavi */ = {
			isa = PBXNativeTarget;
			buildConfigurationList = 8C04B0BD2A0B11FE00D2103F /* Build configuration list for PBXNativeTarget "BluNavi" */;
			buildPhases = (
				8C04B0AB2A0B11FE00D2103F /* Sources */,
				8C04B0AC2A0B11FE00D2103F /* Frameworks */,
				8C04B0AD2A0B11FE00D2103F /* Resources */,
				8CB9F7662A0CD13A00CB8EFB /* Embed Frameworks */,
			);
			buildRules = (
			);
			dependencies = (
			);
			name = BluNavi;
			productName = BluNavi;
			productReference = 8C04B0AF2A0B11FE00D2103F /* BluNavi.app */;
			productType = "com.apple.product-type.application";
		};
/* End PBXNativeTarget section */

/* Begin PBXProject section */
		8C04B0A72A0B11FE00D2103F /* Project object */ = {
			isa = PBXProject;
			attributes = {
				BuildIndependentTargetsInParallel = 1;
				LastSwiftUpdateCheck = 1430;
				LastUpgradeCheck = 1430;
				TargetAttributes = {
					8C04B0AE2A0B11FE00D2103F = {
						CreatedOnToolsVersion = 14.3;
					};
				};
			};
			buildConfigurationList = 8C04B0AA2A0B11FE00D2103F /* Build configuration list for PBXProject "BluNavi" */;
			compatibilityVersion = "Xcode 14.0";
			developmentRegion = en;
			hasScannedForEncodings = 0;
			knownRegions = (
				en,
				Base,
			);
			mainGroup = 8C04B0A62A0B11FE00D2103F;
			productRefGroup = 8C04B0B02A0B11FE00D2103F /* Products */;
			projectDirPath = "";
			projectRoot = "";
			targets = (
				8C04B0AE2A0B11FE00D2103F /* BluNavi */,
			);
		};
/* End PBXProject section */

/* Begin PBXResourcesBuildPhase section */
		8C04B0AD2A0B11FE00D2103F /* Resources */ = {
			isa = PBXResourcesBuildPhase;
			buildActionMask = 2147483647;
			files = (
				8CB9F7742A0CD21600CB8EFB /* Inter-SemiBold.ttf in Resources */,
				8CB9F7732A0CD21600CB8EFB /* Inter-Light.ttf in Resources */,
				8CB9F7722A0CD21600CB8EFB /* Inter-Thin.ttf in Resources */,
				8CB9F7772A0CD21600CB8EFB /* Inter-Bold.ttf in Resources */,
				8CB9F7752A0CD21600CB8EFB /* Inter-ExtraLight.ttf in Resources */,
				8C04B0BA2A0B11FE00D2103F /* Preview Assets.xcassets in Resources */,
				8CB9F7782A0CD21600CB8EFB /* Inter-Regular.ttf in Resources */,
				8C04B0B72A0B11FE00D2103F /* Assets.xcassets in Resources */,
				8CB9F7712A0CD21600CB8EFB /* Inter-ExtraBold.ttf in Resources */,
				8CB9F7792A0CD21600CB8EFB /* Inter-Medium.ttf in Resources */,
				8CB9F7762A0CD21600CB8EFB /* Inter-Black.ttf in Resources */,
			);
			runOnlyForDeploymentPostprocessing = 0;
		};
/* End PBXResourcesBuildPhase section */

/* Begin PBXSourcesBuildPhase section */
		8C04B0AB2A0B11FE00D2103F /* Sources */ = {
			isa = PBXSourcesBuildPhase;
			buildActionMask = 2147483647;
			files = (
				8C7044B92A0CF0D600ECBEED /* Tag.swift in Sources */,
				8C7044C22A0D798300ECBEED /* NavigatingSuccessCard.swift in Sources */,
				8C7044BE2A0CFEA400ECBEED /* NavigatingCard.swift in Sources */,
				8C04B0B52A0B11FE00D2103F /* ContentView.swift in Sources */,
				8C7044BC2A0CF33F00ECBEED /* SessionManager.swift in Sources */,
				8CB9F7802A0CD3FC00CB8EFB /* ScanningView.swift in Sources */,
				8C7044C02A0D716F00ECBEED /* DestinationSelectionCard.swift in Sources */,
				8CB9F77C2A0CD2E500CB8EFB /* UWBManager.swift in Sources */,
				8CB9F7822A0CD58200CB8EFB /* Color.swift in Sources */,
				8CB9F7862A0CD88B00CB8EFB /* DestinationSelectionView.swift in Sources */,
				8CB9F7842A0CD82F00CB8EFB /* BluNaviLogo.swift in Sources */,
				8C04B0B32A0B11FE00D2103F /* BluNaviApp.swift in Sources */,
			);
			runOnlyForDeploymentPostprocessing = 0;
		};
/* End PBXSourcesBuildPhase section */

/* Begin XCBuildConfiguration section */
		8C04B0BB2A0B11FE00D2103F /* Debug */ = {
			isa = XCBuildConfiguration;
			buildSettings = {
				ALWAYS_SEARCH_USER_PATHS = NO;
				CLANG_ANALYZER_NONNULL = YES;
				CLANG_ANALYZER_NUMBER_OBJECT_CONVERSION = YES_AGGRESSIVE;
				CLANG_CXX_LANGUAGE_STANDARD = "gnu++20";
				CLANG_ENABLE_MODULES = YES;
				CLANG_ENABLE_OBJC_ARC = YES;
				CLANG_ENABLE_OBJC_WEAK = YES;
				CLANG_WARN_BLOCK_CAPTURE_AUTORELEASING = YES;
				CLANG_WARN_BOOL_CONVERSION = YES;
				CLANG_WARN_COMMA = YES;
				CLANG_WARN_CONSTANT_CONVERSION = YES;
				CLANG_WARN_DEPRECATED_OBJC_IMPLEMENTATIONS = YES;
				CLANG_WARN_DIRECT_OBJC_ISA_USAGE = YES_ERROR;
				CLANG_WARN_DOCUMENTATION_COMMENTS = YES;
				CLANG_WARN_EMPTY_BODY = YES;
				CLANG_WARN_ENUM_CONVERSION = YES;
				CLANG_WARN_INFINITE_RECURSION = YES;
				CLANG_WARN_INT_CONVERSION = YES;
				CLANG_WARN_NON_LITERAL_NULL_CONVERSION = YES;
				CLANG_WARN_OBJC_IMPLICIT_RETAIN_SELF = YES;
				CLANG_WARN_OBJC_LITERAL_CONVERSION = YES;
				CLANG_WARN_OBJC_ROOT_CLASS = YES_ERROR;
				CLANG_WARN_QUOTED_INCLUDE_IN_FRAMEWORK_HEADER = YES;
				CLANG_WARN_RANGE_LOOP_ANALYSIS = YES;
				CLANG_WARN_STRICT_PROTOTYPES = YES;
				CLANG_WARN_SUSPICIOUS_MOVE = YES;
				CLANG_WARN_UNGUARDED_AVAILABILITY = YES_AGGRESSIVE;
				CLANG_WARN_UNREACHABLE_CODE = YES;
				CLANG_WARN__DUPLICATE_METHOD_MATCH = YES;
				COPY_PHASE_STRIP = NO;
				DEBUG_INFORMATION_FORMAT = dwarf;
				ENABLE_STRICT_OBJC_MSGSEND = YES;
				ENABLE_TESTABILITY = YES;
				GCC_C_LANGUAGE_STANDARD = gnu11;
				GCC_DYNAMIC_NO_PIC = NO;
				GCC_NO_COMMON_BLOCKS = YES;
				GCC_OPTIMIZATION_LEVEL = 0;
				GCC_PREPROCESSOR_DEFINITIONS = (
					"DEBUG=1",
					"$(inherited)",
				);
				GCC_WARN_64_TO_32_BIT_CONVERSION = YES;
				GCC_WARN_ABOUT_RETURN_TYPE = YES_ERROR;
				GCC_WARN_UNDECLARED_SELECTOR = YES;
				GCC_WARN_UNINITIALIZED_AUTOS = YES_AGGRESSIVE;
				GCC_WARN_UNUSED_FUNCTION = YES;
				GCC_WARN_UNUSED_VARIABLE = YES;
				IPHONEOS_DEPLOYMENT_TARGET = 16.4;
				MTL_ENABLE_DEBUG_INFO = INCLUDE_SOURCE;
				MTL_FAST_MATH = YES;
				ONLY_ACTIVE_ARCH = YES;
				SDKROOT = iphoneos;
				SWIFT_ACTIVE_COMPILATION_CONDITIONS = DEBUG;
				SWIFT_OPTIMIZATION_LEVEL = "-Onone";
			};
			name = Debug;
		};
		8C04B0BC2A0B11FE00D2103F /* Release */ = {
			isa = XCBuildConfiguration;
			buildSettings = {
				ALWAYS_SEARCH_USER_PATHS = NO;
				CLANG_ANALYZER_NONNULL = YES;
				CLANG_ANALYZER_NUMBER_OBJECT_CONVERSION = YES_AGGRESSIVE;
				CLANG_CXX_LANGUAGE_STANDARD = "gnu++20";
				CLANG_ENABLE_MODULES = YES;
				CLANG_ENABLE_OBJC_ARC = YES;
				CLANG_ENABLE_OBJC_WEAK = YES;
				CLANG_WARN_BLOCK_CAPTURE_AUTORELEASING = YES;
				CLANG_WARN_BOOL_CONVERSION = YES;
				CLANG_WARN_COMMA = YES;
				CLANG_WARN_CONSTANT_CONVERSION = YES;
				CLANG_WARN_DEPRECATED_OBJC_IMPLEMENTATIONS = YES;
				CLANG_WARN_DIRECT_OBJC_ISA_USAGE = YES_ERROR;
				CLANG_WARN_DOCUMENTATION_COMMENTS = YES;
				CLANG_WARN_EMPTY_BODY = YES;
				CLANG_WARN_ENUM_CONVERSION = YES;
				CLANG_WARN_INFINITE_RECURSION = YES;
				CLANG_WARN_INT_CONVERSION = YES;
				CLANG_WARN_NON_LITERAL_NULL_CONVERSION = YES;
				CLANG_WARN_OBJC_IMPLICIT_RETAIN_SELF = YES;
				CLANG_WARN_OBJC_LITERAL_CONVERSION = YES;
				CLANG_WARN_OBJC_ROOT_CLASS = YES_ERROR;
				CLANG_WARN_QUOTED_INCLUDE_IN_FRAMEWORK_HEADER = YES;
				CLANG_WARN_RANGE_LOOP_ANALYSIS = YES;
				CLANG_WARN_STRICT_PROTOTYPES = YES;
				CLANG_WARN_SUSPICIOUS_MOVE = YES;
				CLANG_WARN_UNGUARDED_AVAILABILITY = YES_AGGRESSIVE;
				CLANG_WARN_UNREACHABLE_CODE = YES;
				CLANG_WARN__DUPLICATE_METHOD_MATCH = YES;
				COPY_PHASE_STRIP = NO;
				DEBUG_INFORMATION_FORMAT = "dwarf-with-dsym";
				ENABLE_NS_ASSERTIONS = NO;
				ENABLE_STRICT_OBJC_MSGSEND = YES;
				GCC_C_LANGUAGE_STANDARD = gnu11;
				GCC_NO_COMMON_BLOCKS = YES;
				GCC_WARN_64_TO_32_BIT_CONVERSION = YES;
				GCC_WARN_ABOUT_RETURN_TYPE = YES_ERROR;
				GCC_WARN_UNDECLARED_SELECTOR = YES;
				GCC_WARN_UNINITIALIZED_AUTOS = YES_AGGRESSIVE;
				GCC_WARN_UNUSED_FUNCTION = YES;
				GCC_WARN_UNUSED_VARIABLE = YES;
				IPHONEOS_DEPLOYMENT_TARGET = 16.4;
				MTL_ENABLE_DEBUG_INFO = NO;
				MTL_FAST_MATH = YES;
				SDKROOT = iphoneos;
				SWIFT_COMPILATION_MODE = wholemodule;
				SWIFT_OPTIMIZATION_LEVEL = "-O";
				VALIDATE_PRODUCT = YES;
			};
			name = Release;
		};
		8C04B0BE2A0B11FE00D2103F /* Debug */ = {
			isa = XCBuildConfiguration;
			buildSettings = {
				ASSETCATALOG_COMPILER_APPICON_NAME = AppIcon;
				ASSETCATALOG_COMPILER_GLOBAL_ACCENT_COLOR_NAME = AccentColor;
				CODE_SIGN_STYLE = Automatic;
				CURRENT_PROJECT_VERSION = 1;
				DEVELOPMENT_ASSET_PATHS = "\"BluNavi/Preview Content\"";
				DEVELOPMENT_TEAM = C769U5XA22;
				ENABLE_PREVIEWS = YES;
				GENERATE_INFOPLIST_FILE = YES;
				INFOPLIST_FILE = BluNavi/Info.plist;
				INFOPLIST_KEY_NSBluetoothAlwaysUsageDescription = "BluNavi uses Bluetooth to connect to the beacons in the bathroom.";
				INFOPLIST_KEY_NSNearbyInteractionAllowOnceUsageDescription = "BluNavi requires this info to get distance and direction of the beacons.";
				INFOPLIST_KEY_UIApplicationSceneManifest_Generation = YES;
				INFOPLIST_KEY_UIApplicationSupportsIndirectInputEvents = YES;
				INFOPLIST_KEY_UILaunchScreen_Generation = YES;
				INFOPLIST_KEY_UISupportedInterfaceOrientations_iPad = "UIInterfaceOrientationPortrait UIInterfaceOrientationPortraitUpsideDown UIInterfaceOrientationLandscapeLeft UIInterfaceOrientationLandscapeRight";
				INFOPLIST_KEY_UISupportedInterfaceOrientations_iPhone = "UIInterfaceOrientationPortrait UIInterfaceOrientationLandscapeLeft UIInterfaceOrientationLandscapeRight";
				IPHONEOS_DEPLOYMENT_TARGET = 16.1;
				LD_RUNPATH_SEARCH_PATHS = (
					"$(inherited)",
					"@executable_path/Frameworks",
				);
				MARKETING_VERSION = 1.0;
				PRODUCT_BUNDLE_IDENTIFIER = "com.day-fm.BluNavi";
				PRODUCT_NAME = "$(TARGET_NAME)";
				SWIFT_EMIT_LOC_STRINGS = YES;
				SWIFT_VERSION = 5.0;
				TARGETED_DEVICE_FAMILY = "1,2";
			};
			name = Debug;
		};
		8C04B0BF2A0B11FE00D2103F /* Release */ = {
			isa = XCBuildConfiguration;
			buildSettings = {
				ASSETCATALOG_COMPILER_APPICON_NAME = AppIcon;
				ASSETCATALOG_COMPILER_GLOBAL_ACCENT_COLOR_NAME = AccentColor;
				CODE_SIGN_STYLE = Automatic;
				CURRENT_PROJECT_VERSION = 1;
				DEVELOPMENT_ASSET_PATHS = "\"BluNavi/Preview Content\"";
				DEVELOPMENT_TEAM = C769U5XA22;
				ENABLE_PREVIEWS = YES;
				GENERATE_INFOPLIST_FILE = YES;
				INFOPLIST_FILE = BluNavi/Info.plist;
				INFOPLIST_KEY_NSBluetoothAlwaysUsageDescription = "BluNavi uses Bluetooth to connect to the beacons in the bathroom.";
				INFOPLIST_KEY_NSNearbyInteractionAllowOnceUsageDescription = "BluNavi requires this info to get distance and direction of the beacons.";
				INFOPLIST_KEY_UIApplicationSceneManifest_Generation = YES;
				INFOPLIST_KEY_UIApplicationSupportsIndirectInputEvents = YES;
				INFOPLIST_KEY_UILaunchScreen_Generation = YES;
				INFOPLIST_KEY_UISupportedInterfaceOrientations_iPad = "UIInterfaceOrientationPortrait UIInterfaceOrientationPortraitUpsideDown UIInterfaceOrientationLandscapeLeft UIInterfaceOrientationLandscapeRight";
				INFOPLIST_KEY_UISupportedInterfaceOrientations_iPhone = "UIInterfaceOrientationPortrait UIInterfaceOrientationLandscapeLeft UIInterfaceOrientationLandscapeRight";
				IPHONEOS_DEPLOYMENT_TARGET = 16.1;
				LD_RUNPATH_SEARCH_PATHS = (
					"$(inherited)",
					"@executable_path/Frameworks",
				);
				MARKETING_VERSION = 1.0;
				PRODUCT_BUNDLE_IDENTIFIER = "com.day-fm.BluNavi";
				PRODUCT_NAME = "$(TARGET_NAME)";
				SWIFT_EMIT_LOC_STRINGS = YES;
				SWIFT_VERSION = 5.0;
				TARGETED_DEVICE_FAMILY = "1,2";
			};
			name = Release;
		};
/* End XCBuildConfiguration section */

/* Begin XCConfigurationList section */
		8C04B0AA2A0B11FE00D2103F /* Build configuration list for PBXProject "BluNavi" */ = {
			isa = XCConfigurationList;
			buildConfigurations = (
				8C04B0BB2A0B11FE00D2103F /* Debug */,
				8C04B0BC2A0B11FE00D2103F /* Release */,
			);
			defaultConfigurationIsVisible = 0;
			defaultConfigurationName = Release;
		};
		8C04B0BD2A0B11FE00D2103F /* Build configuration list for PBXNativeTarget "BluNavi" */ = {
			isa = XCConfigurationList;
			buildConfigurations = (
				8C04B0BE2A0B11FE00D2103F /* Debug */,
				8C04B0BF2A0B11FE00D2103F /* Release */,
			);
			defaultConfigurationIsVisible = 0;
			defaultConfigurationName = Release;
		};
/* End XCConfigurationList section */
	};
	rootObject = 8C04B0A72A0B11FE00D2103F /* Project object */;
}
